// !$*UTF8*$!
{
	archiveVersion = 1;
	classes = {
	};
	objectVersion = 46;
	objects = {

/* Begin PBXBuildFile section */
		470449F91F3367BC0061698F /* Constants.swift in Sources */ = {isa = PBXBuildFile; fileRef = 470449F81F3367BC0061698F /* Constants.swift */; };
		47772BF31F332B0C0031AA9B /* PokemonDetailVC.swift in Sources */ = {isa = PBXBuildFile; fileRef = 47772BF21F332B0C0031AA9B /* PokemonDetailVC.swift */; };
		479427C21F321F6F00B0595B /* AppDelegate.swift in Sources */ = {isa = PBXBuildFile; fileRef = 479427C11F321F6F00B0595B /* AppDelegate.swift */; };
		479427C41F321F6F00B0595B /* ViewController.swift in Sources */ = {isa = PBXBuildFile; fileRef = 479427C31F321F6F00B0595B /* ViewController.swift */; };
		479427C71F321F6F00B0595B /* Main.storyboard in Resources */ = {isa = PBXBuildFile; fileRef = 479427C51F321F6F00B0595B /* Main.storyboard */; };
		479427C91F321F6F00B0595B /* Assets.xcassets in Resources */ = {isa = PBXBuildFile; fileRef = 479427C81F321F6F00B0595B /* Assets.xcassets */; };
		479427CC1F321F6F00B0595B /* LaunchScreen.storyboard in Resources */ = {isa = PBXBuildFile; fileRef = 479427CA1F321F6F00B0595B /* LaunchScreen.storyboard */; };
		479427D41F32240200B0595B /* pokemon.csv in Resources */ = {isa = PBXBuildFile; fileRef = 479427D31F32240200B0595B /* pokemon.csv */; };
		479427D71F3224DB00B0595B /* Pokemon.swift in Sources */ = {isa = PBXBuildFile; fileRef = 479427D61F3224DB00B0595B /* Pokemon.swift */; };
		479427DA1F32572F00B0595B /* PokeCell.swift in Sources */ = {isa = PBXBuildFile; fileRef = 479427D91F32572F00B0595B /* PokeCell.swift */; };
		479427DC1F3288D500B0595B /* csv.swift in Sources */ = {isa = PBXBuildFile; fileRef = 479427DB1F3288D500B0595B /* csv.swift */; };
		479427DE1F328F8E00B0595B /* pokemon.ttf in Resources */ = {isa = PBXBuildFile; fileRef = 479427DD1F328F8E00B0595B /* pokemon.ttf */; };
		479427E51F32933400B0595B /* music.mp3 in Resources */ = {isa = PBXBuildFile; fileRef = 479427E41F32933400B0595B /* music.mp3 */; };
/* End PBXBuildFile section */

/* Begin PBXFileReference section */
		470449F81F3367BC0061698F /* Constants.swift */ = {isa = PBXFileReference; fileEncoding = 4; lastKnownFileType = sourcecode.swift; path = Constants.swift; sourceTree = "<group>"; };
		47772BF21F332B0C0031AA9B /* PokemonDetailVC.swift */ = {isa = PBXFileReference; fileEncoding = 4; lastKnownFileType = sourcecode.swift; path = PokemonDetailVC.swift; sourceTree = "<group>"; };
		479427BE1F321F6F00B0595B /* pokedex.app */ = {isa = PBXFileReference; explicitFileType = wrapper.application; includeInIndex = 0; path = pokedex.app; sourceTree = BUILT_PRODUCTS_DIR; };
		479427C11F321F6F00B0595B /* AppDelegate.swift */ = {isa = PBXFileReference; lastKnownFileType = sourcecode.swift; path = AppDelegate.swift; sourceTree = "<group>"; };
		479427C31F321F6F00B0595B /* ViewController.swift */ = {isa = PBXFileReference; lastKnownFileType = sourcecode.swift; path = ViewController.swift; sourceTree = "<group>"; };
		479427C61F321F6F00B0595B /* Base */ = {isa = PBXFileReference; lastKnownFileType = file.storyboard; name = Base; path = Base.lproj/Main.storyboard; sourceTree = "<group>"; };
		479427C81F321F6F00B0595B /* Assets.xcassets */ = {isa = PBXFileReference; lastKnownFileType = folder.assetcatalog; path = Assets.xcassets; sourceTree = "<group>"; };
		479427CB1F321F6F00B0595B /* Base */ = {isa = PBXFileReference; lastKnownFileType = file.storyboard; name = Base; path = Base.lproj/LaunchScreen.storyboard; sourceTree = "<group>"; };
		479427CD1F321F6F00B0595B /* Info.plist */ = {isa = PBXFileReference; lastKnownFileType = text.plist.xml; path = Info.plist; sourceTree = "<group>"; };
		479427D31F32240200B0595B /* pokemon.csv */ = {isa = PBXFileReference; fileEncoding = 4; lastKnownFileType = text; path = pokemon.csv; sourceTree = "<group>"; };
		479427D61F3224DB00B0595B /* Pokemon.swift */ = {isa = PBXFileReference; fileEncoding = 4; lastKnownFileType = sourcecode.swift; path = Pokemon.swift; sourceTree = "<group>"; };
		479427D91F32572F00B0595B /* PokeCell.swift */ = {isa = PBXFileReference; fileEncoding = 4; lastKnownFileType = sourcecode.swift; path = PokeCell.swift; sourceTree = "<group>"; };
		479427DB1F3288D500B0595B /* csv.swift */ = {isa = PBXFileReference; fileEncoding = 4; lastKnownFileType = sourcecode.swift; path = csv.swift; sourceTree = "<group>"; };
		479427DD1F328F8E00B0595B /* pokemon.ttf */ = {isa = PBXFileReference; lastKnownFileType = file; path = pokemon.ttf; sourceTree = "<group>"; };
		479427E41F32933400B0595B /* music.mp3 */ = {isa = PBXFileReference; lastKnownFileType = audio.mp3; path = music.mp3; sourceTree = "<group>"; };
		724A4CE40DD2577ACFAB0BB4 /* Pods-pokedex.debug.xcconfig */ = {isa = PBXFileReference; includeInIndex = 1; lastKnownFileType = text.xcconfig; name = "Pods-pokedex.debug.xcconfig"; path = "Pods/Target Support Files/Pods-pokedex/Pods-pokedex.debug.xcconfig"; sourceTree = "<group>"; };
		D8260336360523DD9D7B9152 /* Pods-pokedex.release.xcconfig */ = {isa = PBXFileReference; includeInIndex = 1; lastKnownFileType = text.xcconfig; name = "Pods-pokedex.release.xcconfig"; path = "Pods/Target Support Files/Pods-pokedex/Pods-pokedex.release.xcconfig"; sourceTree = "<group>"; };
/* End PBXFileReference section */

/* Begin PBXFrameworksBuildPhase section */
		479427BB1F321F6F00B0595B /* Frameworks */ = {
			isa = PBXFrameworksBuildPhase;
			buildActionMask = 2147483647;
			files = (
			);
			runOnlyForDeploymentPostprocessing = 0;
		};
/* End PBXFrameworksBuildPhase section */

/* Begin PBXGroup section */
		46F51ABEDA30853BB299419B /* Pods */ = {
			isa = PBXGroup;
			children = (
				724A4CE40DD2577ACFAB0BB4 /* Pods-pokedex.debug.xcconfig */,
				D8260336360523DD9D7B9152 /* Pods-pokedex.release.xcconfig */,
			);
			name = Pods;
			sourceTree = "<group>";
		};
		479427B51F321F6F00B0595B = {
			isa = PBXGroup;
			children = (
				479427C01F321F6F00B0595B /* pokedex */,
				479427BF1F321F6F00B0595B /* Products */,
				46F51ABEDA30853BB299419B /* Pods */,
			);
			sourceTree = "<group>";
		};
		479427BF1F321F6F00B0595B /* Products */ = {
			isa = PBXGroup;
			children = (
				479427BE1F321F6F00B0595B /* pokedex.app */,
			);
			name = Products;
			sourceTree = "<group>";
		};
		479427C01F321F6F00B0595B /* pokedex */ = {
			isa = PBXGroup;
			children = (
				479427DF1F328FA400B0595B /* Controller */,
				479427D81F32571200B0595B /* View */,
				479427D51F3224CA00B0595B /* Model */,
				479427E01F328FAF00B0595B /* Resources */,
				479427E11F328FC400B0595B /* Util */,
				479427C11F321F6F00B0595B /* AppDelegate.swift */,
				479427C51F321F6F00B0595B /* Main.storyboard */,
				479427C81F321F6F00B0595B /* Assets.xcassets */,
				479427CA1F321F6F00B0595B /* LaunchScreen.storyboard */,
				479427CD1F321F6F00B0595B /* Info.plist */,
			);
			path = pokedex;
			sourceTree = "<group>";
		};
		479427D51F3224CA00B0595B /* Model */ = {
			isa = PBXGroup;
			children = (
				479427D61F3224DB00B0595B /* Pokemon.swift */,
			);
			name = Model;
			sourceTree = "<group>";
		};
		479427D81F32571200B0595B /* View */ = {
			isa = PBXGroup;
			children = (
				479427D91F32572F00B0595B /* PokeCell.swift */,
			);
			name = View;
			sourceTree = "<group>";
		};
		479427DF1F328FA400B0595B /* Controller */ = {
			isa = PBXGroup;
			children = (
				479427C31F321F6F00B0595B /* ViewController.swift */,
				47772BF21F332B0C0031AA9B /* PokemonDetailVC.swift */,
			);
			name = Controller;
			sourceTree = "<group>";
		};
		479427E01F328FAF00B0595B /* Resources */ = {
			isa = PBXGroup;
			children = (
				479427E41F32933400B0595B /* music.mp3 */,
				479427D31F32240200B0595B /* pokemon.csv */,
				479427DD1F328F8E00B0595B /* pokemon.ttf */,
			);
			name = Resources;
			sourceTree = "<group>";
		};
		479427E11F328FC400B0595B /* Util */ = {
			isa = PBXGroup;
			children = (
				479427DB1F3288D500B0595B /* csv.swift */,
				470449F81F3367BC0061698F /* Constants.swift */,
			);
			name = Util;
			sourceTree = "<group>";
		};
/* End PBXGroup section */

/* Begin PBXNativeTarget section */
		479427BD1F321F6F00B0595B /* pokedex */ = {
			isa = PBXNativeTarget;
			buildConfigurationList = 479427D01F321F6F00B0595B /* Build configuration list for PBXNativeTarget "pokedex" */;
			buildPhases = (
				ADC8F6EA26122EF9B49E2608 /* [CP] Check Pods Manifest.lock */,
				479427BA1F321F6F00B0595B /* Sources */,
				479427BB1F321F6F00B0595B /* Frameworks */,
				479427BC1F321F6F00B0595B /* Resources */,
				535B1318CB83F6A027E58676 /* [CP] Embed Pods Frameworks */,
				3123A55A1850BA5F1A81C8B8 /* [CP] Copy Pods Resources */,
			);
			buildRules = (
			);
			dependencies = (
			);
			name = pokedex;
			productName = pokedex;
			productReference = 479427BE1F321F6F00B0595B /* pokedex.app */;
			productType = "com.apple.product-type.application";
		};
/* End PBXNativeTarget section */

/* Begin PBXProject section */
		479427B61F321F6F00B0595B /* Project object */ = {
			isa = PBXProject;
			attributes = {
				LastSwiftUpdateCheck = 0830;
				LastUpgradeCheck = 0830;
				ORGANIZATIONNAME = "Atalay Asa";
				TargetAttributes = {
					479427BD1F321F6F00B0595B = {
						CreatedOnToolsVersion = 8.3.3;
						DevelopmentTeam = XBXBJNJ6HY;
						LastSwiftMigration = 0830;
						ProvisioningStyle = Automatic;
					};
				};
			};
			buildConfigurationList = 479427B91F321F6F00B0595B /* Build configuration list for PBXProject "pokedex" */;
			compatibilityVersion = "Xcode 3.2";
			developmentRegion = English;
			hasScannedForEncodings = 0;
			knownRegions = (
				en,
				Base,
			);
			mainGroup = 479427B51F321F6F00B0595B;
			productRefGroup = 479427BF1F321F6F00B0595B /* Products */;
			projectDirPath = "";
			projectRoot = "";
			targets = (
				479427BD1F321F6F00B0595B /* pokedex */,
			);
		};
/* End PBXProject section */

/* Begin PBXResourcesBuildPhase section */
		479427BC1F321F6F00B0595B /* Resources */ = {
			isa = PBXResourcesBuildPhase;
			buildActionMask = 2147483647;
			files = (
				479427DE1F328F8E00B0595B /* pokemon.ttf in Resources */,
				479427CC1F321F6F00B0595B /* LaunchScreen.storyboard in Resources */,
				479427E51F32933400B0595B /* music.mp3 in Resources */,
				479427C91F321F6F00B0595B /* Assets.xcassets in Resources */,
				479427D41F32240200B0595B /* pokemon.csv in Resources */,
				479427C71F321F6F00B0595B /* Main.storyboard in Resources */,
			);
			runOnlyForDeploymentPostprocessing = 0;
		};
/* End PBXResourcesBuildPhase section */

/* Begin PBXShellScriptBuildPhase section */
		3123A55A1850BA5F1A81C8B8 /* [CP] Copy Pods Resources */ = {
			isa = PBXShellScriptBuildPhase;
			buildActionMask = 2147483647;
			files = (
			);
			inputPaths = (
			);
			name = "[CP] Copy Pods Resources";
			outputPaths = (
			);
			runOnlyForDeploymentPostprocessing = 0;
			shellPath = /bin/sh;
			shellScript = "\"${SRCROOT}/Pods/Target Support Files/Pods-pokedex/Pods-pokedex-resources.sh\"\n";
			showEnvVarsInLog = 0;
		};
		535B1318CB83F6A027E58676 /* [CP] Embed Pods Frameworks */ = {
			isa = PBXShellScriptBuildPhase;
			buildActionMask = 2147483647;
			files = (
			);
			inputPaths = (
				"${SRCROOT}/Pods/Target Support Files/Pods-pokedex/Pods-pokedex-frameworks.sh",
				"${BUILT_PRODUCTS_DIR}/Alamofire/Alamofire.framework",
			);
			name = "[CP] Embed Pods Frameworks";
			outputPaths = (
				"${TARGET_BUILD_DIR}/${FRAMEWORKS_FOLDER_PATH}/Alamofire.framework",
			);
			runOnlyForDeploymentPostprocessing = 0;
			shellPath = /bin/sh;
			shellScript = "\"${SRCROOT}/Pods/Target Support Files/Pods-pokedex/Pods-pokedex-frameworks.sh\"\n";
			showEnvVarsInLog = 0;
		};
		ADC8F6EA26122EF9B49E2608 /* [CP] Check Pods Manifest.lock */ = {
			isa = PBXShellScriptBuildPhase;
			buildActionMask = 2147483647;
			files = (
			);
			inputPaths = (
				"${PODS_PODFILE_DIR_PATH}/Podfile.lock",
				"${PODS_ROOT}/Manifest.lock",
			);
			name = "[CP] Check Pods Manifest.lock";
			outputPaths = (
				"$(DERIVED_FILE_DIR)/Pods-pokedex-checkManifestLockResult.txt",
			);
			runOnlyForDeploymentPostprocessing = 0;
			shellPath = /bin/sh;
			shellScript = "diff \"${PODS_PODFILE_DIR_PATH}/Podfile.lock\" \"${PODS_ROOT}/Manifest.lock\" > /dev/null\nif [ $? != 0 ] ; then\n    # print error to STDERR\n    echo \"error: The sandbox is not in sync with the Podfile.lock. Run 'pod install' or update your CocoaPods installation.\" >&2\n    exit 1\nfi\n# This output is used by Xcode 'outputs' to avoid re-running this script phase.\necho \"SUCCESS\" > \"${SCRIPT_OUTPUT_FILE_0}\"\n";
			showEnvVarsInLog = 0;
		};
/* End PBXShellScriptBuildPhase section */

/* Begin PBXSourcesBuildPhase section */
		479427BA1F321F6F00B0595B /* Sources */ = {
			isa = PBXSourcesBuildPhase;
			buildActionMask = 2147483647;
			files = (
				479427DA1F32572F00B0595B /* PokeCell.swift in Sources */,
				479427C41F321F6F00B0595B /* ViewController.swift in Sources */,
				479427C21F321F6F00B0595B /* AppDelegate.swift in Sources */,
				47772BF31F332B0C0031AA9B /* PokemonDetailVC.swift in Sources */,
				470449F91F3367BC0061698F /* Constants.swift in Sources */,
				479427D71F3224DB00B0595B /* Pokemon.swift in Sources */,
				479427DC1F3288D500B0595B /* csv.swift in Sources */,
			);
			runOnlyForDeploymentPostprocessing = 0;
		};
/* End PBXSourcesBuildPhase section */

/* Begin PBXVariantGroup section */
		479427C51F321F6F00B0595B /* Main.storyboard */ = {
			isa = PBXVariantGroup;
			children = (
				479427C61F321F6F00B0595B /* Base */,
			);
			name = Main.storyboard;
			sourceTree = "<group>";
		};
		479427CA1F321F6F00B0595B /* LaunchScreen.storyboard */ = {
			isa = PBXVariantGroup;
			children = (
				479427CB1F321F6F00B0595B /* Base */,
			);
			name = LaunchScreen.storyboard;
			sourceTree = "<group>";
		};
/* End PBXVariantGroup section */

/* Begin XCBuildConfiguration section */
		479427CE1F321F6F00B0595B /* Debug */ = {
			isa = XCBuildConfiguration;
			buildSettings = {
				ALWAYS_SEARCH_USER_PATHS = NO;
				CLANG_ANALYZER_NONNULL = YES;
				CLANG_ANALYZER_NUMBER_OBJECT_CONVERSION = YES_AGGRESSIVE;
				CLANG_CXX_LANGUAGE_STANDARD = "gnu++0x";
				CLANG_CXX_LIBRARY = "libc++";
				CLANG_ENABLE_MODULES = YES;
				CLANG_ENABLE_OBJC_ARC = YES;
				CLANG_WARN_BOOL_CONVERSION = YES;
				CLANG_WARN_CONSTANT_CONVERSION = YES;
				CLANG_WARN_DIRECT_OBJC_ISA_USAGE = YES_ERROR;
				CLANG_WARN_DOCUMENTATION_COMMENTS = YES;
				CLANG_WARN_EMPTY_BODY = YES;
				CLANG_WARN_ENUM_CONVERSION = YES;
				CLANG_WARN_INFINITE_RECURSION = YES;
				CLANG_WARN_INT_CONVERSION = YES;
				CLANG_WARN_OBJC_ROOT_CLASS = YES_ERROR;
				CLANG_WARN_SUSPICIOUS_MOVE = YES;
				CLANG_WARN_UNREACHABLE_CODE = YES;
				CLANG_WARN__DUPLICATE_METHOD_MATCH = YES;
				"CODE_SIGN_IDENTITY[sdk=iphoneos*]" = "iPhone Developer";
				COPY_PHASE_STRIP = NO;
				DEBUG_INFORMATION_FORMAT = dwarf;
				ENABLE_STRICT_OBJC_MSGSEND = YES;
				ENABLE_TESTABILITY = YES;
				GCC_C_LANGUAGE_STANDARD = gnu99;
				GCC_DYNAMIC_NO_PIC = NO;
				GCC_NO_COMMON_BLOCKS = YES;
				GCC_OPTIMIZATION_LEVEL = 0;
				GCC_PREPROCESSOR_DEFINITIONS = (
					"DEBUG=1",
					"$(inherited)",
				);
				GCC_WARN_64_TO_32_BIT_CONVERSION = YES;
				GCC_WARN_ABOUT_RETURN_TYPE = YES_ERROR;
				GCC_WARN_UNDECLARED_SELECTOR = YES;
				GCC_WARN_UNINITIALIZED_AUTOS = YES_AGGRESSIVE;
				GCC_WARN_UNUSED_FUNCTION = YES;
				GCC_WARN_UNUSED_VARIABLE = YES;
				IPHONEOS_DEPLOYMENT_TARGET = 10.3;
				MTL_ENABLE_DEBUG_INFO = YES;
				ONLY_ACTIVE_ARCH = YES;
				SDKROOT = iphoneos;
				SWIFT_ACTIVE_COMPILATION_CONDITIONS = DEBUG;
				SWIFT_OPTIMIZATION_LEVEL = "-Onone";
				TARGETED_DEVICE_FAMILY = "1,2";
			};
			name = Debug;
		};
		479427CF1F321F6F00B0595B /* Release */ = {
			isa = XCBuildConfiguration;
			buildSettings = {
				ALWAYS_SEARCH_USER_PATHS = NO;
				CLANG_ANALYZER_NONNULL = YES;
				CLANG_ANALYZER_NUMBER_OBJECT_CONVERSION = YES_AGGRESSIVE;
				CLANG_CXX_LANGUAGE_STANDARD = "gnu++0x";
				CLANG_CXX_LIBRARY = "libc++";
				CLANG_ENABLE_MODULES = YES;
				CLANG_ENABLE_OBJC_ARC = YES;
				CLANG_WARN_BOOL_CONVERSION = YES;
				CLANG_WARN_CONSTANT_CONVERSION = YES;
				CLANG_WARN_DIRECT_OBJC_ISA_USAGE = YES_ERROR;
				CLANG_WARN_DOCUMENTATION_COMMENTS = YES;
				CLANG_WARN_EMPTY_BODY = YES;
				CLANG_WARN_ENUM_CONVERSION = YES;
				CLANG_WARN_INFINITE_RECURSION = YES;
				CLANG_WARN_INT_CONVERSION = YES;
				CLANG_WARN_OBJC_ROOT_CLASS = YES_ERROR;
				CLANG_WARN_SUSPICIOUS_MOVE = YES;
				CLANG_WARN_UNREACHABLE_CODE = YES;
				CLANG_WARN__DUPLICATE_METHOD_MATCH = YES;
				"CODE_SIGN_IDENTITY[sdk=iphoneos*]" = "iPhone Developer";
				COPY_PHASE_STRIP = NO;
				DEBUG_INFORMATION_FORMAT = "dwarf-with-dsym";
				ENABLE_NS_ASSERTIONS = NO;
				ENABLE_STRICT_OBJC_MSGSEND = YES;
				GCC_C_LANGUAGE_STANDARD = gnu99;
				GCC_NO_COMMON_BLOCKS = YES;
				GCC_WARN_64_TO_32_BIT_CONVERSION = YES;
				GCC_WARN_ABOUT_RETURN_TYPE = YES_ERROR;
				GCC_WARN_UNDECLARED_SELECTOR = YES;
				GCC_WARN_UNINITIALIZED_AUTOS = YES_AGGRESSIVE;
				GCC_WARN_UNUSED_FUNCTION = YES;
				GCC_WARN_UNUSED_VARIABLE = YES;
				IPHONEOS_DEPLOYMENT_TARGET = 10.3;
				MTL_ENABLE_DEBUG_INFO = NO;
				SDKROOT = iphoneos;
				SWIFT_OPTIMIZATION_LEVEL = "-Owholemodule";
				TARGETED_DEVICE_FAMILY = "1,2";
				VALIDATE_PRODUCT = YES;
			};
			name = Release;
		};
		479427D11F321F6F00B0595B /* Debug */ = {
			isa = XCBuildConfiguration;
			baseConfigurationReference = 724A4CE40DD2577ACFAB0BB4 /* Pods-pokedex.debug.xcconfig */;
			buildSettings = {
				ASSETCATALOG_COMPILER_APPICON_NAME = AppIcon;
				DEVELOPMENT_TEAM = XBXBJNJ6HY;
				INFOPLIST_FILE = pokedex/Info.plist;
				LD_RUNPATH_SEARCH_PATHS = "$(inherited) @executable_path/Frameworks";
				PRODUCT_BUNDLE_IDENTIFIER = com.atalayasa.pokedex;
				PRODUCT_NAME = "$(TARGET_NAME)";
				SWIFT_VERSION = 3.0;
			};
			name = Debug;
		};
		479427D21F321F6F00B0595B /* Release */ = {
			isa = XCBuildConfiguration;
			baseConfigurationReference = D8260336360523DD9D7B9152 /* Pods-pokedex.release.xcconfig */;
			buildSettings = {
				ASSETCATALOG_COMPILER_APPICON_NAME = AppIcon;
				DEVELOPMENT_TEAM = XBXBJNJ6HY;
				INFOPLIST_FILE = pokedex/Info.plist;
				LD_RUNPATH_SEARCH_PATHS = "$(inherited) @executable_path/Frameworks";
				PRODUCT_BUNDLE_IDENTIFIER = com.atalayasa.pokedex;
				PRODUCT_NAME = "$(TARGET_NAME)";
				SWIFT_VERSION = 3.0;
			};
			name = Release;
		};
/* End XCBuildConfiguration section */

/* Begin XCConfigurationList section */
		479427B91F321F6F00B0595B /* Build configuration list for PBXProject "pokedex" */ = {
			isa = XCConfigurationList;
			buildConfigurations = (
				479427CE1F321F6F00B0595B /* Debug */,
				479427CF1F321F6F00B0595B /* Release */,
			);
			defaultConfigurationIsVisible = 0;
			defaultConfigurationName = Release;
		};
		479427D01F321F6F00B0595B /* Build configuration list for PBXNativeTarget "pokedex" */ = {
			isa = XCConfigurationList;
			buildConfigurations = (
				479427D11F321F6F00B0595B /* Debug */,
				479427D21F321F6F00B0595B /* Release */,
			);
			defaultConfigurationIsVisible = 0;
			defaultConfigurationName = Release;
		};
/* End XCConfigurationList section */
	};
	rootObject = 479427B61F321F6F00B0595B /* Project object */;
}
